
Microsoft Visual Studio Solution File, Format Version 12.00
# Visual Studio Version 17
VisualStudioVersion = 17.0.31903.59
MinimumVisualStudioVersion = 10.0.40219.1
Project("{2150E333-8FDC-42A3-9474-1A3956D46DE8}") = "domain", "domain", "{9366832F-6B74-4746-9224-005AC21B9E05}"
EndProject
Project("{9A19103F-16F7-4668-BE54-9A1E7A4F7556}") = "Store", "domain\Store\Store.csproj", "{FF9EC291-3B8B-4466-A89B-88F631ACDB94}"
EndProject
Project("{2150E333-8FDC-42A3-9474-1A3956D46DE8}") = "infrastricture", "infrastricture", "{D03853BB-41AC-4ED8-A848-5EA0BD7333D1}"
EndProject
Project("{FAE04EC0-301F-11D3-BF4B-00C04F79EFBC}") = "Store.Memory", "infrastructure\Store.Memory\Store.Memory.csproj", "{95B22A98-429E-4776-B5F5-6DF7300DCA3B}"
EndProject
Project("{2150E333-8FDC-42A3-9474-1A3956D46DE8}") = "presentation", "presentation", "{652CBF72-2384-4954-A8F0-3492CAA4690E}"
EndProject
Project("{FAE04EC0-301F-11D3-BF4B-00C04F79EFBC}") = "Store.Web", "presentation\Store.Web\Store.Web.csproj", "{C860AA09-EA00-4763-9B13-0A49639C53AB}"
EndProject
Global
	GlobalSection(SolutionConfigurationPlatforms) = preSolution
		Debug|Any CPU = Debug|Any CPU
		Release|Any CPU = Release|Any CPU
	EndGlobalSection
	GlobalSection(ProjectConfigurationPlatforms) = postSolution
		{FF9EC291-3B8B-4466-A89B-88F631ACDB94}.Debug|Any CPU.ActiveCfg = Debug|Any CPU
		{FF9EC291-3B8B-4466-A89B-88F631ACDB94}.Debug|Any CPU.Build.0 = Debug|Any CPU
		{FF9EC291-3B8B-4466-A89B-88F631ACDB94}.Release|Any CPU.ActiveCfg = Release|Any CPU
		{FF9EC291-3B8B-4466-A89B-88F631ACDB94}.Release|Any CPU.Build.0 = Release|Any CPU
		{95B22A98-429E-4776-B5F5-6DF7300DCA3B}.Debug|Any CPU.ActiveCfg = Debug|Any CPU
		{95B22A98-429E-4776-B5F5-6DF7300DCA3B}.Debug|Any CPU.Build.0 = Debug|Any CPU
		{95B22A98-429E-4776-B5F5-6DF7300DCA3B}.Release|Any CPU.ActiveCfg = Release|Any CPU
		{95B22A98-429E-4776-B5F5-6DF7300DCA3B}.Release|Any CPU.Build.0 = Release|Any CPU
		{C860AA09-EA00-4763-9B13-0A49639C53AB}.Debug|Any CPU.ActiveCfg = Debug|Any CPU
		{C860AA09-EA00-4763-9B13-0A49639C53AB}.Debug|Any CPU.Build.0 = Debug|Any CPU
		{C860AA09-EA00-4763-9B13-0A49639C53AB}.Release|Any CPU.ActiveCfg = Release|Any CPU
		{C860AA09-EA00-4763-9B13-0A49639C53AB}.Release|Any CPU.Build.0 = Release|Any CPU
	EndGlobalSection
	GlobalSection(SolutionProperties) = preSolution
		HideSolutionNode = FALSE
	EndGlobalSection
	GlobalSection(NestedProjects) = preSolution
		{FF9EC291-3B8B-4466-A89B-88F631ACDB94} = {9366832F-6B74-4746-9224-005AC21B9E05}
		{95B22A98-429E-4776-B5F5-6DF7300DCA3B} = {D03853BB-41AC-4ED8-A848-5EA0BD7333D1}
		{C860AA09-EA00-4763-9B13-0A49639C53AB} = {652CBF72-2384-4954-A8F0-3492CAA4690E}
	EndGlobalSection
	GlobalSection(ExtensibilityGlobals) = postSolution
		SolutionGuid = {EBDF26F3-3497-4F2C-8EA4-CD969C67EF91}
	EndGlobalSection
EndGlobal
